
Microsoft Visual Studio Solution File, Format Version 12.00
# Visual Studio Version 17
VisualStudioVersion = 17.9.34622.214
MinimumVisualStudioVersion = 10.0.40219.1
Project("{FAE04EC0-301F-11D3-BF4B-00C04F79EFBC}") = "PhamQuocHuy_Workflow_BaiTongHop", "PhamQuocHuy_Workflow_BaiTongHop\PhamQuocHuy_Workflow_BaiTongHop.csproj", "{C88C315F-ACFB-4BB4-BC83-DFD96D6E914B}"
EndProject
Global
	GlobalSection(SolutionConfigurationPlatforms) = preSolution
		Debug|Any CPU = Debug|Any CPU
		Release|Any CPU = Release|Any CPU
	EndGlobalSection
	GlobalSection(ProjectConfigurationPlatforms) = postSolution
		{C88C315F-ACFB-4BB4-BC83-DFD96D6E914B}.Debug|Any CPU.ActiveCfg = Debug|Any CPU
		{C88C315F-ACFB-4BB4-BC83-DFD96D6E914B}.Debug|Any CPU.Build.0 = Debug|Any CPU
		{C88C315F-ACFB-4BB4-BC83-DFD96D6E914B}.Release|Any CPU.ActiveCfg = Release|Any CPU
		{C88C315F-ACFB-4BB4-BC83-DFD96D6E914B}.Release|Any CPU.Build.0 = Release|Any CPU
	EndGlobalSection
	GlobalSection(SolutionProperties) = preSolution
		HideSolutionNode = FALSE
	EndGlobalSection
	GlobalSection(ExtensibilityGlobals) = postSolution
		SolutionGuid = {E4726BF0-6778-4242-88DA-DAC11D6F8074}
	EndGlobalSection
EndGlobal
